{
    "_readme": [
        "This file locks the dependencies of your project to a known state",
        "Read more about it at http://getcomposer.org/doc/01-basic-usage.md#composer-lock-the-lock-file"
    ],
    "hash": "e1631e447853332aa8bc59aedf7423f0",
    "packages": [
        {
            "name": "drmabuse/yii-bootstrap-3-module",
            "version": "dev-master",
            "source": {
                "type": "git",
                "url": "https://bitbucket.org/DrMabuse/yii-bootstrap-3-module.git",
                "reference": "0d65fa357f414d958bb33279487401a82a7ac6ba"
            },
            "dist": {
                "type": "zip",
                "url": "https://bitbucket.org/DrMabuse/yii-bootstrap-3-module/get/0d65fa357f414d958bb33279487401a82a7ac6ba.zip",
                "reference": "0d65fa357f414d958bb33279487401a82a7ac6ba",
                "shasum": ""
            },
            "require": {
                "php": ">=5.3.0"
            },
            "type": "library",
            "notification-url": "https://packagist.org/downloads/",
            "license": [
                "BSD-3-Clause"
            ],
            "authors": [
                {
                    "name": "Pascal Brewing",
                    "email": "pascalbrewing@gmail.com",
                    "homepage": "http://pascal-breiwng.de/",
                    "role": "Founder and development"
                }
            ],
            "description": "Yii Web Widgets",
            "homepage": "https://bitbucket.org/DrMabuse/yii-bootstrap-3-module",
            "keywords": [
                "bootstrap",
                "extension",
                "framework",
                "yii"
            ],
            "time": "2014-03-14 10:22:41"
        },
        {
            "name": "swiftmailer/swiftmailer",
            "version": "dev-master",
            "source": {
                "type": "git",
                "url": "https://github.com/swiftmailer/swiftmailer.git",
                "reference": "306fa05fa572b0846e292f076f4bd3d502f54066"
            },
            "dist": {
                "type": "zip",
                "url": "https://api.github.com/repos/swiftmailer/swiftmailer/zipball/306fa05fa572b0846e292f076f4bd3d502f54066",
                "reference": "306fa05fa572b0846e292f076f4bd3d502f54066",
                "shasum": ""
            },
            "require": {
                "php": ">=5.2.4"
            },
            "type": "library",
            "extra": {
                "branch-alias": {
                    "dev-master": "5.1-dev"
                }
            },
            "autoload": {
                "files": [
                    "lib/swift_required.php"
                ]
            },
            "notification-url": "https://packagist.org/downloads/",
            "license": [
                "MIT"
            ],
            "authors": [
                {
                    "name": "Fabien Potencier",
                    "email": "fabien@symfony.com",
                    "homepage": "http://fabien.potencier.org",
                    "role": "Lead Developer"
                },
                {
                    "name": "Chris Corbyn"
                }
            ],
            "description": "Swiftmailer, free feature-rich PHP mailer",
            "homepage": "http://swiftmailer.org",
            "keywords": [
                "mail",
                "mailer"
            ],
            "time": "2014-03-18 09:05:51"
        }
    ],
    "packages-dev": [

    ],
    "aliases": [

    ],
    "minimum-stability": "stable",
    "stability-flags": {
        "swiftmailer/swiftmailer": 20,
        "drmabuse/yii-bootstrap-3-module": 20
    },
    "platform": [

    ],
    "platform-dev": [

    ]
}
